
Microsoft Visual Studio Solution File, Format Version 12.00
Project("{FAE04EC0-301F-11D3-BF4B-00C04F79EFBC}") = "MaxPairwiseProduct", "MaxPairwiseProduct.csproj", "{7E70B01D-E8FA-4258-9223-2403EF8459CF}"
EndProject
Global
	GlobalSection(SolutionConfigurationPlatforms) = preSolution
		Debug|Any CPU = Debug|Any CPU
		Release|Any CPU = Release|Any CPU
	EndGlobalSection
	GlobalSection(ProjectConfigurationPlatforms) = postSolution
		{7E70B01D-E8FA-4258-9223-2403EF8459CF}.Debug|Any CPU.ActiveCfg = Debug|Any CPU
		{7E70B01D-E8FA-4258-9223-2403EF8459CF}.Debug|Any CPU.Build.0 = Debug|Any CPU
		{7E70B01D-E8FA-4258-9223-2403EF8459CF}.Release|Any CPU.ActiveCfg = Release|Any CPU
		{7E70B01D-E8FA-4258-9223-2403EF8459CF}.Release|Any CPU.Build.0 = Release|Any CPU
	EndGlobalSection
EndGlobal
