
Microsoft Visual Studio Solution File, Format Version 12.00
Project("{FAE04EC0-301F-11D3-BF4B-00C04F79EFBC}") = "FibonacciSumSquares", "FibonacciSumSquares.csproj", "{7BA89976-C42A-4C27-9AC4-CD3BD8124209}"
EndProject
Global
	GlobalSection(SolutionConfigurationPlatforms) = preSolution
		Debug|Any CPU = Debug|Any CPU
		Release|Any CPU = Release|Any CPU
	EndGlobalSection
	GlobalSection(ProjectConfigurationPlatforms) = postSolution
		{7BA89976-C42A-4C27-9AC4-CD3BD8124209}.Debug|Any CPU.ActiveCfg = Debug|Any CPU
		{7BA89976-C42A-4C27-9AC4-CD3BD8124209}.Debug|Any CPU.Build.0 = Debug|Any CPU
		{7BA89976-C42A-4C27-9AC4-CD3BD8124209}.Release|Any CPU.ActiveCfg = Release|Any CPU
		{7BA89976-C42A-4C27-9AC4-CD3BD8124209}.Release|Any CPU.Build.0 = Release|Any CPU
	EndGlobalSection
EndGlobal
