
Microsoft Visual Studio Solution File, Format Version 12.00
Project("{FAE04EC0-301F-11D3-BF4B-00C04F79EFBC}") = "FibonacciPartialSum", "FibonacciPartialSum.csproj", "{C6ED5088-31C3-4773-B91B-EB8C6FBA634B}"
EndProject
Global
	GlobalSection(SolutionConfigurationPlatforms) = preSolution
		Debug|Any CPU = Debug|Any CPU
		Release|Any CPU = Release|Any CPU
	EndGlobalSection
	GlobalSection(ProjectConfigurationPlatforms) = postSolution
		{C6ED5088-31C3-4773-B91B-EB8C6FBA634B}.Debug|Any CPU.ActiveCfg = Debug|Any CPU
		{C6ED5088-31C3-4773-B91B-EB8C6FBA634B}.Debug|Any CPU.Build.0 = Debug|Any CPU
		{C6ED5088-31C3-4773-B91B-EB8C6FBA634B}.Release|Any CPU.ActiveCfg = Release|Any CPU
		{C6ED5088-31C3-4773-B91B-EB8C6FBA634B}.Release|Any CPU.Build.0 = Release|Any CPU
	EndGlobalSection
EndGlobal
